// !$*UTF8*$!
{
	archiveVersion = 1;
	classes = {
	};
	objectVersion = 50;
	objects = {

/* Begin PBXBuildFile section */
		BA0D1CFD216489BA00A9BBD7 /* AppDelegate.swift in Sources */ = {isa = PBXBuildFile; fileRef = BA0D1CFC216489BA00A9BBD7 /* AppDelegate.swift */; };
		BA0D1D01216489BB00A9BBD7 /* Assets.xcassets in Resources */ = {isa = PBXBuildFile; fileRef = BA0D1D00216489BB00A9BBD7 /* Assets.xcassets */; };
		BA0D1D04216489BB00A9BBD7 /* Main.storyboard in Resources */ = {isa = PBXBuildFile; fileRef = BA0D1D02216489BB00A9BBD7 /* Main.storyboard */; };
		BA183E82216B1B7900DA32ED /* ToolbarVC.swift in Sources */ = {isa = PBXBuildFile; fileRef = BA183E81216B1B7900DA32ED /* ToolbarVC.swift */; };
		BA183E85216B1B8900DA32ED /* ChannelVC.swift in Sources */ = {isa = PBXBuildFile; fileRef = BA183E83216B1B8900DA32ED /* ChannelVC.swift */; };
		BA183E88216B1BA000DA32ED /* ChatVC.swift in Sources */ = {isa = PBXBuildFile; fileRef = BA183E87216B1BA000DA32ED /* ChatVC.swift */; };
		BA183E8A216B1C9000DA32ED /* MainWindowController.swift in Sources */ = {isa = PBXBuildFile; fileRef = BA183E89216B1C9000DA32ED /* MainWindowController.swift */; };
		BA183E8D216B1D8400DA32ED /* Constants.swift in Sources */ = {isa = PBXBuildFile; fileRef = BA183E8C216B1D8400DA32ED /* Constants.swift */; };
		BA183E90216B1DE900DA32ED /* NSColor.swift in Sources */ = {isa = PBXBuildFile; fileRef = BA183E8F216B1DE900DA32ED /* NSColor.swift */; };
		BA39DE0A21734CCA00271CA3 /* ModalLogin.xib in Resources */ = {isa = PBXBuildFile; fileRef = BA39DE0921734CCA00271CA3 /* ModalLogin.xib */; };
		BA39DE0C21734D3A00271CA3 /* ModalLogin.swift in Sources */ = {isa = PBXBuildFile; fileRef = BA39DE0B21734D3A00271CA3 /* ModalLogin.swift */; };
		BA52F9BC21738CE7006BD637 /* ModalCreateAccount.xib in Resources */ = {isa = PBXBuildFile; fileRef = BA52F9BB21738CE7006BD637 /* ModalCreateAccount.xib */; };
		BA52F9BE21738D05006BD637 /* ModalCreateAccount.swift in Sources */ = {isa = PBXBuildFile; fileRef = BA52F9BD21738D05006BD637 /* ModalCreateAccount.swift */; };
		BAA83BCA216BE84F00435F32 /* NSButton.swift in Sources */ = {isa = PBXBuildFile; fileRef = BAA83BC9216BE84F00435F32 /* NSButton.swift */; };
		BAA83BCC216BEDA500435F32 /* NSTextField.swift in Sources */ = {isa = PBXBuildFile; fileRef = BAA83BCB216BEDA500435F32 /* NSTextField.swift */; };
		BAF1728C216D2FAE0002688A /* ClickBlockingView.swift in Sources */ = {isa = PBXBuildFile; fileRef = BAF1728B216D2FAE0002688A /* ClickBlockingView.swift */; };
/* End PBXBuildFile section */

/* Begin PBXFileReference section */
		BA0D1CF9216489BA00A9BBD7 /* Chat.app */ = {isa = PBXFileReference; explicitFileType = wrapper.application; includeInIndex = 0; path = Chat.app; sourceTree = BUILT_PRODUCTS_DIR; };
		BA0D1CFC216489BA00A9BBD7 /* AppDelegate.swift */ = {isa = PBXFileReference; lastKnownFileType = sourcecode.swift; path = AppDelegate.swift; sourceTree = "<group>"; };
		BA0D1D00216489BB00A9BBD7 /* Assets.xcassets */ = {isa = PBXFileReference; lastKnownFileType = folder.assetcatalog; path = Assets.xcassets; sourceTree = "<group>"; };
		BA0D1D03216489BB00A9BBD7 /* Base */ = {isa = PBXFileReference; lastKnownFileType = file.storyboard; name = Base; path = Base.lproj/Main.storyboard; sourceTree = "<group>"; };
		BA0D1D05216489BB00A9BBD7 /* Info.plist */ = {isa = PBXFileReference; lastKnownFileType = text.plist.xml; path = Info.plist; sourceTree = "<group>"; };
		BA0D1D06216489BB00A9BBD7 /* Chat.entitlements */ = {isa = PBXFileReference; lastKnownFileType = text.plist.entitlements; path = Chat.entitlements; sourceTree = "<group>"; };
		BA183E81216B1B7900DA32ED /* ToolbarVC.swift */ = {isa = PBXFileReference; lastKnownFileType = sourcecode.swift; path = ToolbarVC.swift; sourceTree = "<group>"; };
		BA183E83216B1B8900DA32ED /* ChannelVC.swift */ = {isa = PBXFileReference; lastKnownFileType = sourcecode.swift; path = ChannelVC.swift; sourceTree = "<group>"; };
		BA183E87216B1BA000DA32ED /* ChatVC.swift */ = {isa = PBXFileReference; lastKnownFileType = sourcecode.swift; path = ChatVC.swift; sourceTree = "<group>"; };
		BA183E89216B1C9000DA32ED /* MainWindowController.swift */ = {isa = PBXFileReference; lastKnownFileType = sourcecode.swift; path = MainWindowController.swift; sourceTree = "<group>"; };
		BA183E8C216B1D8400DA32ED /* Constants.swift */ = {isa = PBXFileReference; lastKnownFileType = sourcecode.swift; path = Constants.swift; sourceTree = "<group>"; };
		BA183E8F216B1DE900DA32ED /* NSColor.swift */ = {isa = PBXFileReference; lastKnownFileType = sourcecode.swift; path = NSColor.swift; sourceTree = "<group>"; };
		BA39DE0921734CCA00271CA3 /* ModalLogin.xib */ = {isa = PBXFileReference; lastKnownFileType = file.xib; path = ModalLogin.xib; sourceTree = "<group>"; };
		BA39DE0B21734D3A00271CA3 /* ModalLogin.swift */ = {isa = PBXFileReference; lastKnownFileType = sourcecode.swift; path = ModalLogin.swift; sourceTree = "<group>"; };
		BA52F9BB21738CE7006BD637 /* ModalCreateAccount.xib */ = {isa = PBXFileReference; lastKnownFileType = file.xib; path = ModalCreateAccount.xib; sourceTree = "<group>"; };
		BA52F9BD21738D05006BD637 /* ModalCreateAccount.swift */ = {isa = PBXFileReference; lastKnownFileType = sourcecode.swift; path = ModalCreateAccount.swift; sourceTree = "<group>"; };
		BAA83BC9216BE84F00435F32 /* NSButton.swift */ = {isa = PBXFileReference; lastKnownFileType = sourcecode.swift; path = NSButton.swift; sourceTree = "<group>"; };
		BAA83BCB216BEDA500435F32 /* NSTextField.swift */ = {isa = PBXFileReference; lastKnownFileType = sourcecode.swift; path = NSTextField.swift; sourceTree = "<group>"; };
		BAF1728B216D2FAE0002688A /* ClickBlockingView.swift */ = {isa = PBXFileReference; lastKnownFileType = sourcecode.swift; path = ClickBlockingView.swift; sourceTree = "<group>"; };
/* End PBXFileReference section */

/* Begin PBXFrameworksBuildPhase section */
		BA0D1CF6216489B900A9BBD7 /* Frameworks */ = {
			isa = PBXFrameworksBuildPhase;
			buildActionMask = 2147483647;
			files = (
			);
			runOnlyForDeploymentPostprocessing = 0;
		};
/* End PBXFrameworksBuildPhase section */

/* Begin PBXGroup section */
		BA0D1CF0216489B900A9BBD7 = {
			isa = PBXGroup;
			children = (
				BA0D1CFB216489BA00A9BBD7 /* Chat */,
				BA0D1CFA216489BA00A9BBD7 /* Products */,
			);
			sourceTree = "<group>";
		};
		BA0D1CFA216489BA00A9BBD7 /* Products */ = {
			isa = PBXGroup;
			children = (
				BA0D1CF9216489BA00A9BBD7 /* Chat.app */,
			);
			name = Products;
			sourceTree = "<group>";
		};
		BA0D1CFB216489BA00A9BBD7 /* Chat */ = {
			isa = PBXGroup;
			children = (
				BA39DE0821734CB100271CA3 /* XIBs */,
				BA183E8B216B1D6100DA32ED /* Utilities */,
				BA183E80216B1B5800DA32ED /* Model */,
				BA183E7F216B1B5200DA32ED /* View */,
				BA183E7E216B1B4A00DA32ED /* Controller */,
				BA0D1CFC216489BA00A9BBD7 /* AppDelegate.swift */,
				BA0D1D00216489BB00A9BBD7 /* Assets.xcassets */,
				BA0D1D02216489BB00A9BBD7 /* Main.storyboard */,
				BA0D1D05216489BB00A9BBD7 /* Info.plist */,
				BA0D1D06216489BB00A9BBD7 /* Chat.entitlements */,
			);
			path = Chat;
			sourceTree = "<group>";
		};
		BA183E7E216B1B4A00DA32ED /* Controller */ = {
			isa = PBXGroup;
			children = (
				BA183E81216B1B7900DA32ED /* ToolbarVC.swift */,
				BA183E83216B1B8900DA32ED /* ChannelVC.swift */,
				BA183E87216B1BA000DA32ED /* ChatVC.swift */,
				BA183E89216B1C9000DA32ED /* MainWindowController.swift */,
			);
			path = Controller;
			sourceTree = "<group>";
		};
		BA183E7F216B1B5200DA32ED /* View */ = {
			isa = PBXGroup;
			children = (
				BAF1728B216D2FAE0002688A /* ClickBlockingView.swift */,
				BA39DE0B21734D3A00271CA3 /* ModalLogin.swift */,
				BA52F9BD21738D05006BD637 /* ModalCreateAccount.swift */,
			);
			path = View;
			sourceTree = "<group>";
		};
		BA183E80216B1B5800DA32ED /* Model */ = {
			isa = PBXGroup;
			children = (
			);
			path = Model;
			sourceTree = "<group>";
		};
		BA183E8B216B1D6100DA32ED /* Utilities */ = {
			isa = PBXGroup;
			children = (
				BA183E8E216B1DD600DA32ED /* Extensions */,
				BA183E8C216B1D8400DA32ED /* Constants.swift */,
			);
			path = Utilities;
			sourceTree = "<group>";
		};
		BA183E8E216B1DD600DA32ED /* Extensions */ = {
			isa = PBXGroup;
			children = (
				BA183E8F216B1DE900DA32ED /* NSColor.swift */,
				BAA83BC9216BE84F00435F32 /* NSButton.swift */,
				BAA83BCB216BEDA500435F32 /* NSTextField.swift */,
			);
			path = Extensions;
			sourceTree = "<group>";
		};
		BA39DE0821734CB100271CA3 /* XIBs */ = {
			isa = PBXGroup;
			children = (
				BA39DE0921734CCA00271CA3 /* ModalLogin.xib */,
				BA52F9BB21738CE7006BD637 /* ModalCreateAccount.xib */,
			);
			path = XIBs;
			sourceTree = "<group>";
		};
/* End PBXGroup section */

/* Begin PBXNativeTarget section */
		BA0D1CF8216489B900A9BBD7 /* Chat */ = {
			isa = PBXNativeTarget;
			buildConfigurationList = BA0D1D09216489BB00A9BBD7 /* Build configuration list for PBXNativeTarget "Chat" */;
			buildPhases = (
				BA0D1CF5216489B900A9BBD7 /* Sources */,
				BA0D1CF6216489B900A9BBD7 /* Frameworks */,
				BA0D1CF7216489B900A9BBD7 /* Resources */,
			);
			buildRules = (
			);
			dependencies = (
			);
			name = Chat;
			productName = Chat;
			productReference = BA0D1CF9216489BA00A9BBD7 /* Chat.app */;
			productType = "com.apple.product-type.application";
		};
/* End PBXNativeTarget section */

/* Begin PBXProject section */
		BA0D1CF1216489B900A9BBD7 /* Project object */ = {
			isa = PBXProject;
			attributes = {
				LastSwiftUpdateCheck = 0940;
				LastUpgradeCheck = 0940;
				ORGANIZATIONNAME = "Panagiotis  Kompotis";
				TargetAttributes = {
					BA0D1CF8216489B900A9BBD7 = {
						CreatedOnToolsVersion = 9.4.1;
					};
				};
			};
			buildConfigurationList = BA0D1CF4216489B900A9BBD7 /* Build configuration list for PBXProject "Chat" */;
			compatibilityVersion = "Xcode 9.3";
			developmentRegion = en;
			hasScannedForEncodings = 0;
			knownRegions = (
				en,
				Base,
			);
			mainGroup = BA0D1CF0216489B900A9BBD7;
			productRefGroup = BA0D1CFA216489BA00A9BBD7 /* Products */;
			projectDirPath = "";
			projectRoot = "";
			targets = (
				BA0D1CF8216489B900A9BBD7 /* Chat */,
			);
		};
/* End PBXProject section */

/* Begin PBXResourcesBuildPhase section */
		BA0D1CF7216489B900A9BBD7 /* Resources */ = {
			isa = PBXResourcesBuildPhase;
			buildActionMask = 2147483647;
			files = (
				BA0D1D01216489BB00A9BBD7 /* Assets.xcassets in Resources */,
				BA52F9BC21738CE7006BD637 /* ModalCreateAccount.xib in Resources */,
				BA39DE0A21734CCA00271CA3 /* ModalLogin.xib in Resources */,
				BA0D1D04216489BB00A9BBD7 /* Main.storyboard in Resources */,
			);
			runOnlyForDeploymentPostprocessing = 0;
		};
/* End PBXResourcesBuildPhase section */

/* Begin PBXSourcesBuildPhase section */
		BA0D1CF5216489B900A9BBD7 /* Sources */ = {
			isa = PBXSourcesBuildPhase;
			buildActionMask = 2147483647;
			files = (
				BA183E88216B1BA000DA32ED /* ChatVC.swift in Sources */,
				BA183E82216B1B7900DA32ED /* ToolbarVC.swift in Sources */,
				BA183E85216B1B8900DA32ED /* ChannelVC.swift in Sources */,
				BA39DE0C21734D3A00271CA3 /* ModalLogin.swift in Sources */,
				BA0D1CFD216489BA00A9BBD7 /* AppDelegate.swift in Sources */,
				BA183E90216B1DE900DA32ED /* NSColor.swift in Sources */,
				BA183E8A216B1C9000DA32ED /* MainWindowController.swift in Sources */,
				BAA83BCC216BEDA500435F32 /* NSTextField.swift in Sources */,
				BAA83BCA216BE84F00435F32 /* NSButton.swift in Sources */,
				BA52F9BE21738D05006BD637 /* ModalCreateAccount.swift in Sources */,
				BAF1728C216D2FAE0002688A /* ClickBlockingView.swift in Sources */,
				BA183E8D216B1D8400DA32ED /* Constants.swift in Sources */,
			);
			runOnlyForDeploymentPostprocessing = 0;
		};
/* End PBXSourcesBuildPhase section */

/* Begin PBXVariantGroup section */
		BA0D1D02216489BB00A9BBD7 /* Main.storyboard */ = {
			isa = PBXVariantGroup;
			children = (
				BA0D1D03216489BB00A9BBD7 /* Base */,
			);
			name = Main.storyboard;
			sourceTree = "<group>";
		};
/* End PBXVariantGroup section */

/* Begin XCBuildConfiguration section */
		BA0D1D07216489BB00A9BBD7 /* Debug */ = {
			isa = XCBuildConfiguration;
			buildSettings = {
				ALWAYS_SEARCH_USER_PATHS = NO;
				CLANG_ANALYZER_NONNULL = YES;
				CLANG_ANALYZER_NUMBER_OBJECT_CONVERSION = YES_AGGRESSIVE;
				CLANG_CXX_LANGUAGE_STANDARD = "gnu++14";
				CLANG_CXX_LIBRARY = "libc++";
				CLANG_ENABLE_MODULES = YES;
				CLANG_ENABLE_OBJC_ARC = YES;
				CLANG_ENABLE_OBJC_WEAK = YES;
				CLANG_WARN_BLOCK_CAPTURE_AUTORELEASING = YES;
				CLANG_WARN_BOOL_CONVERSION = YES;
				CLANG_WARN_COMMA = YES;
				CLANG_WARN_CONSTANT_CONVERSION = YES;
				CLANG_WARN_DEPRECATED_OBJC_IMPLEMENTATIONS = YES;
				CLANG_WARN_DIRECT_OBJC_ISA_USAGE = YES_ERROR;
				CLANG_WARN_DOCUMENTATION_COMMENTS = YES;
				CLANG_WARN_EMPTY_BODY = YES;
				CLANG_WARN_ENUM_CONVERSION = YES;
				CLANG_WARN_INFINITE_RECURSION = YES;
				CLANG_WARN_INT_CONVERSION = YES;
				CLANG_WARN_NON_LITERAL_NULL_CONVERSION = YES;
				CLANG_WARN_OBJC_IMPLICIT_RETAIN_SELF = YES;
				CLANG_WARN_OBJC_LITERAL_CONVERSION = YES;
				CLANG_WARN_OBJC_ROOT_CLASS = YES_ERROR;
				CLANG_WARN_RANGE_LOOP_ANALYSIS = YES;
				CLANG_WARN_STRICT_PROTOTYPES = YES;
				CLANG_WARN_SUSPICIOUS_MOVE = YES;
				CLANG_WARN_UNGUARDED_AVAILABILITY = YES_AGGRESSIVE;
				CLANG_WARN_UNREACHABLE_CODE = YES;
				CLANG_WARN__DUPLICATE_METHOD_MATCH = YES;
				CODE_SIGN_IDENTITY = "Mac Developer";
				COPY_PHASE_STRIP = NO;
				DEBUG_INFORMATION_FORMAT = dwarf;
				ENABLE_STRICT_OBJC_MSGSEND = YES;
				ENABLE_TESTABILITY = YES;
				GCC_C_LANGUAGE_STANDARD = gnu11;
				GCC_DYNAMIC_NO_PIC = NO;
				GCC_NO_COMMON_BLOCKS = YES;
				GCC_OPTIMIZATION_LEVEL = 0;
				GCC_PREPROCESSOR_DEFINITIONS = (
					"DEBUG=1",
					"$(inherited)",
				);
				GCC_WARN_64_TO_32_BIT_CONVERSION = YES;
				GCC_WARN_ABOUT_RETURN_TYPE = YES_ERROR;
				GCC_WARN_UNDECLARED_SELECTOR = YES;
				GCC_WARN_UNINITIALIZED_AUTOS = YES_AGGRESSIVE;
				GCC_WARN_UNUSED_FUNCTION = YES;
				GCC_WARN_UNUSED_VARIABLE = YES;
				MACOSX_DEPLOYMENT_TARGET = 10.13;
				MTL_ENABLE_DEBUG_INFO = YES;
				ONLY_ACTIVE_ARCH = YES;
				SDKROOT = macosx;
				SWIFT_ACTIVE_COMPILATION_CONDITIONS = DEBUG;
				SWIFT_OPTIMIZATION_LEVEL = "-Onone";
			};
			name = Debug;
		};
		BA0D1D08216489BB00A9BBD7 /* Release */ = {
			isa = XCBuildConfiguration;
			buildSettings = {
				ALWAYS_SEARCH_USER_PATHS = NO;
				CLANG_ANALYZER_NONNULL = YES;
				CLANG_ANALYZER_NUMBER_OBJECT_CONVERSION = YES_AGGRESSIVE;
				CLANG_CXX_LANGUAGE_STANDARD = "gnu++14";
				CLANG_CXX_LIBRARY = "libc++";
				CLANG_ENABLE_MODULES = YES;
				CLANG_ENABLE_OBJC_ARC = YES;
				CLANG_ENABLE_OBJC_WEAK = YES;
				CLANG_WARN_BLOCK_CAPTURE_AUTORELEASING = YES;
				CLANG_WARN_BOOL_CONVERSION = YES;
				CLANG_WARN_COMMA = YES;
				CLANG_WARN_CONSTANT_CONVERSION = YES;
				CLANG_WARN_DEPRECATED_OBJC_IMPLEMENTATIONS = YES;
				CLANG_WARN_DIRECT_OBJC_ISA_USAGE = YES_ERROR;
				CLANG_WARN_DOCUMENTATION_COMMENTS = YES;
				CLANG_WARN_EMPTY_BODY = YES;
				CLANG_WARN_ENUM_CONVERSION = YES;
				CLANG_WARN_INFINITE_RECURSION = YES;
				CLANG_WARN_INT_CONVERSION = YES;
				CLANG_WARN_NON_LITERAL_NULL_CONVERSION = YES;
				CLANG_WARN_OBJC_IMPLICIT_RETAIN_SELF = YES;
				CLANG_WARN_OBJC_LITERAL_CONVERSION = YES;
				CLANG_WARN_OBJC_ROOT_CLASS = YES_ERROR;
				CLANG_WARN_RANGE_LOOP_ANALYSIS = YES;
				CLANG_WARN_STRICT_PROTOTYPES = YES;
				CLANG_WARN_SUSPICIOUS_MOVE = YES;
				CLANG_WARN_UNGUARDED_AVAILABILITY = YES_AGGRESSIVE;
				CLANG_WARN_UNREACHABLE_CODE = YES;
				CLANG_WARN__DUPLICATE_METHOD_MATCH = YES;
				CODE_SIGN_IDENTITY = "Mac Developer";
				COPY_PHASE_STRIP = NO;
				DEBUG_INFORMATION_FORMAT = "dwarf-with-dsym";
				ENABLE_NS_ASSERTIONS = NO;
				ENABLE_STRICT_OBJC_MSGSEND = YES;
				GCC_C_LANGUAGE_STANDARD = gnu11;
				GCC_NO_COMMON_BLOCKS = YES;
				GCC_WARN_64_TO_32_BIT_CONVERSION = YES;
				GCC_WARN_ABOUT_RETURN_TYPE = YES_ERROR;
				GCC_WARN_UNDECLARED_SELECTOR = YES;
				GCC_WARN_UNINITIALIZED_AUTOS = YES_AGGRESSIVE;
				GCC_WARN_UNUSED_FUNCTION = YES;
				GCC_WARN_UNUSED_VARIABLE = YES;
				MACOSX_DEPLOYMENT_TARGET = 10.13;
				MTL_ENABLE_DEBUG_INFO = NO;
				SDKROOT = macosx;
				SWIFT_COMPILATION_MODE = wholemodule;
				SWIFT_OPTIMIZATION_LEVEL = "-O";
			};
			name = Release;
		};
		BA0D1D0A216489BB00A9BBD7 /* Debug */ = {
			isa = XCBuildConfiguration;
			buildSettings = {
				ASSETCATALOG_COMPILER_APPICON_NAME = AppIcon;
				CODE_SIGN_ENTITLEMENTS = Chat/Chat.entitlements;
				CODE_SIGN_STYLE = Automatic;
				COMBINE_HIDPI_IMAGES = YES;
				DEVELOPMENT_TEAM = JQF5RM3G2P;
				INFOPLIST_FILE = Chat/Info.plist;
				LD_RUNPATH_SEARCH_PATHS = (
					"$(inherited)",
					"@executable_path/../Frameworks",
				);
				PRODUCT_BUNDLE_IDENTIFIER = kompotis.Chat;
				PRODUCT_NAME = "$(TARGET_NAME)";
				SWIFT_VERSION = 4.0;
			};
			name = Debug;
		};
		BA0D1D0B216489BB00A9BBD7 /* Release */ = {
			isa = XCBuildConfiguration;
			buildSettings = {
				ASSETCATALOG_COMPILER_APPICON_NAME = AppIcon;
				CODE_SIGN_ENTITLEMENTS = Chat/Chat.entitlements;
				CODE_SIGN_STYLE = Automatic;
				COMBINE_HIDPI_IMAGES = YES;
				DEVELOPMENT_TEAM = JQF5RM3G2P;
				INFOPLIST_FILE = Chat/Info.plist;
				LD_RUNPATH_SEARCH_PATHS = (
					"$(inherited)",
					"@executable_path/../Frameworks",
				);
				PRODUCT_BUNDLE_IDENTIFIER = kompotis.Chat;
				PRODUCT_NAME = "$(TARGET_NAME)";
				SWIFT_VERSION = 4.0;
			};
			name = Release;
		};
/* End XCBuildConfiguration section */

/* Begin XCConfigurationList section */
		BA0D1CF4216489B900A9BBD7 /* Build configuration list for PBXProject "Chat" */ = {
			isa = XCConfigurationList;
			buildConfigurations = (
				BA0D1D07216489BB00A9BBD7 /* Debug */,
				BA0D1D08216489BB00A9BBD7 /* Release */,
			);
			defaultConfigurationIsVisible = 0;
			defaultConfigurationName = Release;
		};
		BA0D1D09216489BB00A9BBD7 /* Build configuration list for PBXNativeTarget "Chat" */ = {
			isa = XCConfigurationList;
			buildConfigurations = (
				BA0D1D0A216489BB00A9BBD7 /* Debug */,
				BA0D1D0B216489BB00A9BBD7 /* Release */,
			);
			defaultConfigurationIsVisible = 0;
			defaultConfigurationName = Release;
		};
/* End XCConfigurationList section */
	};
	rootObject = BA0D1CF1216489B900A9BBD7 /* Project object */;
}
